# Debian bookworm main amd64, signed snapshot 20260919T000000Z.
# Downloaded archives must match every version and SHA256 below.
# package version architecture sha256
debconf 1.5.82 all 74ab14194a3762b2fc717917dcfda42929ab98e3c59295a063344dc551cd7cc8
ffmpeg 7:5.1.9-0+deb12u1 amd64 2ba8ead87657c123ce6de2de5ecdbc1fb4ead9a4b317b85b8ec41e16c890fe01
fontconfig 2.14.1-4 amd64 010e57c24a983eecc39aab8a84219a716c10901e03bacd1927331388656f890f
fontconfig-config 2.14.1-4 amd64 281c66e46b95f045a0282a6c7a03b33de0e9a08d016897a759aaf4a04adfddbe
fonts-croscore 20201225-1 all 64904820b729ff40038f85683004e3b94b328d969bc0fbba263c58d635452923
fonts-dejavu-core 2.37-6 all 8892669e51aab4dc56682c8e39d8ddb7d70fad83c369344e1e240bf3ca22bb76
fonts-freefont-otf 20120503-10 all 0b63996c80c6c660424af6d3832818e647960d6f65a51de010bb57dd0762faa7
fonts-freefont-ttf 20120503-10 all 4ca1c21ebc479198a3a5879d236c8317d6f7b2f1c403f7890e24c02eead05615
fonts-liberation 1:1.07.4-11 all efd381517f958b01969343634ffcbdd60056be7779af84c6f53a005090430204
fonts-liberation2 2.1.5-1 all 35ffaa54f117e633e89a5da89af235a073b34dbe582726fbf6989568f7fd9bda
fonts-texgyre 20180621-6 all e7230e2dee0030c440ee841de04ef9254aa1fec73ccba93a3e1f637fa868a99a
fonts-urw-base35 20200910-7 all 93e4997c99c4c31ea88c5d37e2259af0a0c826b9358931d5a69f794f7f0c73ac
gcc-12-base 12.2.0-14+deb12u1 amd64 1896a2aacf4ad681ff5eacc24a5b0ca4d5d9c9b9c9e4b6de5197bc1e116ea619
libaom3 3.6.0-1+deb12u2 amd64 33fd9b3af7c1bf65fd7e603d60f5034ac3bc0b4eefdabd8c33de8daff0e87205
libasound2 1.2.8-1+b1 amd64 44c77b076a7b11ae99712439022d822245b1994c435da564ebd320bb676faf4c
libasound2-data 1.2.8-1 all fe0780d2d3674b2977e0acb0d48b448ad72ba1642564b7dc537f55e839984c2d
libass9 1:0.17.1-1 amd64 c179e03d92eef394054f44ca1d218f0c7e4798d65d9263f5fbd4ec25231436e1
libasyncns0 0.8-6+b3 amd64 cadaff99f4178b1f580331045621b363abaaefc994e78eecba1857774a3cead2
libavc1394-0 0.5.4-5 amd64 f96e824b1a7e8d9ae1254c51dfaea40cdde45072be68e2025eb109faba10f3dc
libavcodec59 7:5.1.9-0+deb12u1 amd64 a1c6cfeefe7437ad3ff999d3dad39edb9cfd4d2068a944243fa4f313470b59b1
libavdevice59 7:5.1.9-0+deb12u1 amd64 d14e0e21ee3b18be7324db7ab1a98e42acdca61095cad8df4cbda96c514d0705
libavfilter8 7:5.1.9-0+deb12u1 amd64 9df19ac34117740af851af569c3df05c16e20a319cedd832eafb9abde950c384
libavformat59 7:5.1.9-0+deb12u1 amd64 35216a7786f2bde3c9c00ffa0574ed27c63cb231726aa03ae3664a36946ef01c
libavutil57 7:5.1.9-0+deb12u1 amd64 3e2c42d9e7235c96cb0329dbe3c13377faaa5aba81ac2d6f3cf54fcd978c9a5f
libblas3 3.11.0-2 amd64 9aae8058b8d02b800bdafc5b340614df1442a2d2abbc2d351947c0fdd67aa08a
libblkid1 2.38.1-5+deb12u3 amd64 5a083377f29191cafcdf0f91ec124349b4a7895b531556633a136e43c6d53943
libbluray2 1:1.3.4-1 amd64 41781aa7af257a7c5083b2b9c4564e02a760361ce332dbc1313ffcf6a0958993
libbrotli1 1.0.9-2+b6 amd64 563b4caec1aa5e876bd3355b36e7a38e1484baf5a293b48d1e8bd22db786e4d7
libbs2b0 3.1.0+dfsg-7 amd64 f8629228d3aab164423b2e4304ac82787157a240ec2f3b33eebd31236322dcca
libbsd0 0.11.7-2 amd64 bb31cc8b40f962a85b2cec970f7f79cc704a1ae4bad24257a822055404b2c60b
libbz2-1.0 1.0.8-5+b1 amd64 54149da3f44b22d523b26b692033b84503d822cc5122fed606ea69cc83ca5aeb
libc6 2.36-9+deb12u14 amd64 ba4f88f73dbc3ae9055f3c20f4523bfdbaf1ad13ff95e258924f77d20b4fbedf
libcaca0 0.99.beta20-3+deb12u1 amd64 27ea6ccb669d30aef5da73e6f8e1e722752d8c9e20fbf603978ff48992b5e02a
libcairo-gobject2 1.16.0-7 amd64 5898b4c1093ff40bade7acb92affc4a5b5b76a1737cd41cfa2a09cdc2d864d4c
libcairo2 1.16.0-7 amd64 927fa059f8b5791d0cd744d4e3a8c57fa872ef849ce14434dc2222ac8a076a69
libcap2 1:2.66-4+deb12u3+b1 amd64 8d684c673e7483802a5c447834b0df6fce006eb3a7109e1be412f5ad425bb24f
libcdio-cdda2 10.2+2.0.1-1 amd64 eac7c87ae7118d29d55d497c8a3873dd1c0c062dd3df06ca74a4710ddcb950d9
libcdio-paranoia2 10.2+2.0.1-1 amd64 ef0610a344c1548c386868d7480bb4a7fc69b5bfb459e99df4c8f96c658c0088
libcdio19 2.1.0-4 amd64 c54f3910d77d933366cc8fde4a4a30681152d80a9e6df0231594dd8b2f5a048d
libchromaprint1 1.5.1-2+b1 amd64 2008659c3790890782feaa531134c5b20d96f9ad4a71d519b9de4450ff704fa7
libcjson1 1.7.15-1+deb12u4 amd64 ae043c62e2740072f3c5cc0324ec36659331208f2155de74c89a24801627338c
libcodec2-1.0 1.0.5-1 amd64 5f91673bc70e10496389d061a7f01f27f7f0d9090de56cce7ba21b9c461163d9
libcom-err2 1.47.0-2+b2 amd64 a2bac7015e78fbc0c504df3e441f3a22292f1d2d77f9ccda760057f3690e22f2
libdatrie1 0.2.13-2+b1 amd64 f021f193384929989b2dfd19f606a8cebe54b5f209fe387fc40683e810e01ebe
libdav1d6 1.0.0-2+deb12u1 amd64 197f08108242177aeae4c04aac11825c39b7d18598191ab769f910687ccb387f
libdb5.3 5.3.28+dfsg2-1 amd64 7dc5127b8dd0da80e992ba594954c005ae4359d839a24eb65d0d8129b5235c84
libdbus-1-3 1.14.10-1~deb12u1 amd64 18ee0ce5fab9f7b671e87da1e9fa18660e36e04a3402f24bdb8635e0ba1d35f6
libdc1394-25 2.2.6-4 amd64 5476bc64555a11b4fd60a97c1e5cf0516f94ae3de4570ecad2da2379794378c2
libdecor-0-0 0.1.1-2 amd64 e58d66cbd2e27703c80f4e89c25fe7619db0ca0175d1077850b838023e115904
libdeflate0 1.14-1 amd64 3d4b39f94317b64a860db8a7a8b581b555124cd461fe07ec0d347edbdb9f6683
libdrm-amdgpu1 2.4.114-1+b1 amd64 b75a71e96f1faac0f131ac657e09efcbe8968eef62cc34b8abfcff2ff9f0cccd
libdrm-common 2.4.114-1 all 32f9664138b38b224383c6986457d5ad2ec8efd559b1a0ce7749405f7a451aad
libdrm-intel1 2.4.114-1+b1 amd64 b0e39318d14c07f4d85668b6da7f66a1341addf87a47d785c34d5a8b393f544c
libdrm-nouveau2 2.4.114-1+b1 amd64 ba59bb9ec6e1baf59fc4d4eb095a524e40d045af2413dad9d28df517005388b6
libdrm-radeon1 2.4.114-1+b1 amd64 2da3a9233187f995ad5a3e6db3d37252ea7209f0ca9605484d03478ebcc15feb
libdrm2 2.4.114-1+b1 amd64 be18fb670797ba32da9628cf3e8acd83160d8db8c8dd842501dd8e401c3b5371
libedit2 3.1-20221030-2 amd64 1cf14abf2716d3279db12d0657a5737cf70074a1e71d3bdf73206625e3c89ce6
libelf1 0.188-2.1 amd64 619add379c606b3ac6c1a175853b918e6939598a83d8ebadf3bdfd50d10b3c8c
libepoxy0 1.5.10-1 amd64 050cbedc9c2a5cce976151c720a3817f2103a01e6ac255bdd6f2c6a7509b04c3
libexpat1 2.5.0-1+deb12u2 amd64 2255e62fc22a86d2c544b8a3f516da9aee19383ad5742722ab4ce7f66a30dbc8
libffi8 3.4.4-1 amd64 6d9f6c25c30efccce6d4bceaa48ea86c329a3432abb360a141f76ac223a4c34a
libflac12 1.4.2+ds-2 amd64 4d8431c274eef13ec9ee2c0bf988c34b4342367dec053b7f69a432525be5b1fe
libflite1 2.2-5 amd64 bfa8c591f1b47730b30b372ec38e02918a1c9795eada67684e1746390ad2f061
libfontconfig1 2.14.1-4 amd64 16ee38d374e064f534116dc442b086ef26f9831f1c0af7e5fb4fe4512e700649
libfontenc1 1:1.1.4-1 amd64 1d0aa6ea16a34a8de1ea170360c4cb699f3239aeddb292df2d2c4eb6e835de4b
libfreetype6 2.12.1+dfsg-5+deb12u4 amd64 8043e479f73f29992d652e3f9dfe8b17f9780c7ea6330afe379ec5f9f188ac44
libfribidi0 1.0.8-2.1 amd64 87fce56627aab7b2968501d370aa3ed6d1c792119efa765e71a690bdfe570e62
libgbm1 22.3.6-1+deb12u2 amd64 4323840f2b7b3e108990848529125d99c0956ae5a854c1e0568ed08c8faeaa2e
libgcc-s1 12.2.0-14+deb12u1 amd64 3016e62cb4b7cd8038822870601f5ed131befe942774d0f745622cc77d8a88f7
libgcrypt20 1.10.1-3+deb12u1 amd64 e7a56552139c693904a6f9712234c05fe918353273a7cbdb5e62f423ad71bb97
libgdk-pixbuf-2.0-0 2.42.10+dfsg-1+deb12u4 amd64 19673127f2530deb7cf637c688a4e16384e6887627296e16b8169038928cadc3
libgdk-pixbuf2.0-common 2.42.10+dfsg-1+deb12u4 all 0f3df073ca7eed5564ea3faceff819d94932d924c56474f1e42799a8017a2d30
libgfortran5 12.2.0-14+deb12u1 amd64 63d38775d20c425c1f00914b52167ae0e3b4639facdb0aa734877279fb716fbb
libgl1 1.6.0-1 amd64 6f89b1702c48e9a2437bb3c1ffac8e1ab2d828fc28b3d14b2eecd4cc19b2c790
libgl1-mesa-dri 22.3.6-1+deb12u2 amd64 350e4263aaacd521f6f757951262b57c003930edaf0419508f2c5675317577fe
libglapi-mesa 22.3.6-1+deb12u2 amd64 2db5b13a6b7f4042f9a417ad7fa4338b6c47528dc64d7f89cfd5e53d07d76bc4
libglib2.0-0 2.74.6-2+deb12u9 amd64 7ff85197685d89e150e342b29a59aab1beee400050ba7da73de81cd999ffee5a
libglvnd0 1.6.0-1 amd64 b6da5b153dd62d8b5e5fbe25242db1fc05c068707c365db49abda8c2427c75f8
libglx-mesa0 22.3.6-1+deb12u2 amd64 88e7ffa61f1a0a86c30736ad7657ab4774c9b711bbaff76cef0bd32ffb85ec90
libglx0 1.6.0-1 amd64 95f568df73dedf43ae66834a75502112e0d4f3ad7124f3dbfa790b739383b896
libgme0 0.6.3-6 amd64 3c6fc5488f702cc728ff25420cabd33688861de435e8a188aee6b75d8ed423bd
libgmp10 2:6.2.1+dfsg1-1.1 amd64 187aedef2ed763f425c1e523753b9719677633c7eede660401739e9c893482bd
libgnutls30 3.7.9-2+deb12u7 amd64 30abec8c824feb1d2d7e9000a34083cccd19d139625e1b21547e3ac53b922f8e
libgomp1 12.2.0-14+deb12u1 amd64 48fec46bda7f5b1638b9e959889bfbc20491247d402d120bb152687eb48143d7
libgpg-error0 1.46-1 amd64 89944ee11d7370ce6ef46fc52f094c4a6512eff8943ec4c6ebefeae6360ceada
libgraphite2-3 1.3.14-1+deb12u1 amd64 c19a7f6ba9298db7eef041ae27b08985f2c02009e418063f8bccdb5bc5e858dc
libgsm1 1.0.22-1 amd64 1116dc3dbd0f5e7f6becebd5d5a9a9cbd40fc268f7a3e3f6863dd4a26627627a
libgssapi-krb5-2 1.20.1-2+deb12u5 amd64 d8b87aea91b956b416c01a28c44ff6228315ae3b73de40acddac3dc5043607d2
libharfbuzz0b 6.0.0+dfsg-3 amd64 bfce132b7ee67b9c2d2166075b1936a25c8cc6866b6a049f99b8e94baa916e71
libhogweed6 3.8.1-2 amd64 ed8185c28b2cb519744a5a462dcd720d3b332c9b88a1d0002eac06dc8550cb94
libhwy1 1.0.3-3+deb12u1 amd64 58db3098074f192d32784cf2d070f82d4e26b10d54bc723830a6b9a43be5013b
libicu72 72.1-3+deb12u1 amd64 f7f6f99c6d7b025914df2447fc93e11d22c44c0c8bdd8b6f36691c9e7ddcef88
libidn2-0 2.3.3-1+b1 amd64 d50716d5824083d667427817d506b45d3f59dc77e1ca52de000f3f62d4918afa
libiec61883-0 1.2.0-6+b1 amd64 98d5901dc67a2df54ddfe8d417b0e2a9e47278b7614339f7522ef0b2bd709444
libjack-jackd2-0 1.9.21~dfsg-3 amd64 1502e202d207aeb52a36ca8bc098d4bae3b8724c78db7de52d3d905f5959b997
libjbig0 2.1-6.1 amd64 6b07c77b700a615642888a82ba92a7e7c429d04b9c8669c62b2263f15c4c4059
libjpeg62-turbo 1:2.1.5-2 amd64 95ec30140789a342add8f8371ed018924de51b539056522b66f207b25cba9cad
libjxl0.7 0.7.0-10+deb12u1 amd64 19e747c8b509af924d5d2b1602e9eb68ff60a93576e07e0dfd55ca1f857fdf65
libk5crypto3 1.20.1-2+deb12u5 amd64 7b6e47d15c5c9cdcd456137533d8308aeba608a54cec73b28bd59bfc4b54cf06
libkeyutils1 1.6.3-2 amd64 cfac89e6a7a54ff3c6a4f843310e25efeddaa771baeae470bd98bd588c373563
libkrb5-3 1.20.1-2+deb12u5 amd64 c90801be09701af221b54dd502a59cb378b7284ff31e480738baca317d2f7653
libkrb5support0 1.20.1-2+deb12u5 amd64 8b9c05f2d8d461a10d657b118f572af5bf8fd6c8f93dcef81e852c5ab0f428ab
liblapack3 3.11.0-2 amd64 4cb4ba9c36ee0242d91c8bcd69286db59a6a0c86f8c522b72f5eb0053e127d7d
liblcms2-2 2.14-2+deb12u1 amd64 333efe13d165b8a98194d95e72fd10b502ebbee4dc2eb43fc2ab83e2b53e5f17
liblerc4 4.0.0+ds-2 amd64 771f5c47ca69f24ca61e4be0c98c5912b182ce442f921697d17a472f3ded5c9c
liblilv-0-0 0.24.14-1 amd64 a28222c34d51cd28f69af9fc95eab77369b4daf98ae35328407864661e72a3d0
libllvm15 1:15.0.6-4+b1 amd64 9f0751109ba89e65b1313a4f3e34a29977a0db6fa30ed475e2c6bd555fa9e866
liblz4-1 1.9.4-1 amd64 64cde86cef1deaf828bd60297839b59710b5cd8dc50efd4f12643caaee9389d3
liblzma5 5.4.1-1+deb12u1 amd64 f96d8876b53ec89d76a992bc199679b818cf518225a768954d9451fb556a4eb7
libmbedcrypto7 2.28.3-1 amd64 af3295f80abf7e6ba2cba419134e29bde04192bf3614622ee53ce49de8d02abe
libmd0 1.0.4-2 amd64 03539fd30c509e27101d13a56e52eda9062bdf1aefe337c07ab56def25a13eab
libmfx1 22.5.4-1 amd64 19754c2ad5cf13015ebe8e1bd7fbc412ca410d810c036b167ba2b0d9bee36926
libmount1 2.38.1-5+deb12u3 amd64 f46e2d6b006951825adde9757790b6609d7c66c7700f9b68f3db913eaac323c3
libmp3lame0 3.100-6 amd64 b1292c749172e7623547ecf684da57d3ec6ca22109f08b11bbb9e6be6e6beb95
libmpg123-0 1.31.2-1+deb12u1 amd64 a10ad0d59995b859797a5f20d2833672051d0b2c7dab4c71f2e79258b2e3f631
libmysofa1 1.3.1~dfsg0-1 amd64 c4bd2b6d4352be2c0595974e4f62c2d16cfcde83b722be8fc96c0aee3e49c904
libncursesw6 6.4-4 amd64 98fa7a53dc565a38b65fb70422ad08001bf5361d8fbc74255280c329996a6bec
libnettle8 3.8.1-2 amd64 45922e6e289ffd92f0f92d2bb9159e84236ff202d552a461bf10e5335b3f0261
libnorm1 1.5.9+dfsg-2 amd64 a6388c8d460e86c7b76b08e82ecb09894d1d9c53b488850fb39702af85b6d159
libnuma1 2.0.16-1 amd64 639e1ab6bd66ead40db8a22c332d7199679fa22db261cac34444eb8eb4c17dda
libogg0 1.3.5-3 amd64 f67acb0477aed0354f411172e37af338f3ac6bd4f3766134a2cf5539884b5a28
libopenal-data 1:1.19.1-2 all 695a650803f885459994bb921132d956c2b693759572005351a5b13773c754cd
libopenal1 1:1.19.1-2 amd64 b027d29d37786e4dacb21a7268e911566efb09f5a20facc66c57dd22a7c31e83
libopenjp2-7 2.5.0-2+deb12u3 amd64 a127e2f1741d66bdddb6393a718e3cbec327d53f88c89b859b1f8d73f64cf635
libopenmpt0 0.6.9-1 amd64 69c1de4890044359551e4874b230f7ff8b0568687988582ba996d41af602d711
libopus0 1.3.1-3 amd64 c172e212f9039e741916aa8e12f3670d1e049dc0c16685325641288c2d83faa7
libp11-kit0 0.24.1-2 amd64 251330faddbf013f060fcdb41f4b0c037c8a6e89ba7c09b04bfcc4e3f0807b22
libpango-1.0-0 1.50.12+ds-1 amd64 851720de07441ae6bb6a7f51fc0f2edb4db7aa6f25b5bf1bf7b72dcab8947b7f
libpangocairo-1.0-0 1.50.12+ds-1 amd64 96695f9cdd3bf346e3555cf0aa158e23a36114d6dec203b00ab4e93f1b77aab9
libpangoft2-1.0-0 1.50.12+ds-1 amd64 78da3f494109f6e7a39c4626aaae7571c600c5854cecda0bc0c902224986a63b
libpciaccess0 0.17-2 amd64 4025f3608cf431c163efb94fdc553e7b93e16b8f0d741ea87762e19025ffc80e
libpcre2-8-0 10.42-1 amd64 030db54f4d76cdfe2bf0e8eb5f9efea0233ab3c7aa942d672c7b63b52dbaf935
libpgm-5.3-0 5.3.128~dfsg-2 amd64 3f124acd98fb6d9d78dff583061736bcb738d102f3bd1e0afca4c0f0435534af
libpixman-1-0 0.42.2-1 amd64 9ed75ef81b6b1eba9e1357f8b0ce01d31112b0e07b2b685bee2cf627a8932892
libplacebo208 4.208.0-3 amd64 f6ecc008ec62532ae51510fba32d388eb8d8bdef56ae6f11eb2511d58edcabd5
libpng16-16 1.6.39-2+deb12u5 amd64 a56d64bfaa9da12aafb83347909e62e6fd5fd251e6b34c194065911a30359978
libpocketsphinx3 0.8+5prealpha+1-15 amd64 6236ee6b8e542cc55e6da15f00e56ff06ef743d7e91c57e0180d07c642b0bc2e
libpostproc56 7:5.1.9-0+deb12u1 amd64 c6ea1be8d11ee56ae2c9ae749edc2f38a3baaa949f882affdb859e1f69e6a168
libpulse0 16.1+dfsg1-2+b1 amd64 7b2c5403cb726312219aad678becc6d6adcee1d8694fdffce0b6ec15ae010831
libquadmath0 12.2.0-14+deb12u1 amd64 3f0c9a4c730da2fdab001cae596625438598fd2996d29d888feeb4c1cdc9011f
librabbitmq4 0.11.0-1+deb12u2 amd64 7f76923e6e9eac01c69243d46d9e7a311e26a8e4c4e116ae50c0ec430077547b
librav1e0 0.5.1-6 amd64 c266adb3545b0b8ff6450dbd09f85f19361bf5bc9290ddf2e869f040cb9725b7
libraw1394-11 2.1.2-2 amd64 d8cb92f085d3b32ca23e31b2bf45f66d678f585fef8f8b85510bd41b8ff966ee
librist4 0.2.7+dfsg-1 amd64 dddb27f19810bc0bfe8e0d252e3a5c0dbf43bd7f2996756f42e2833bed6dbe5e
librsvg2-2 2.54.7+dfsg-1~deb12u1 amd64 090f2ffbedb57727ee9b264e6ea6e66fe09773629739dd406931264b1bf14dc8
librubberband2 3.1.2+dfsg0-1 amd64 8bc1426b30a522886ce936b4f6b12c05dcd953b092d263cd58f20dd73fae4d74
libsamplerate0 0.2.2-3 amd64 72fe6d068ea3107115576d678a8b4f064ff736f1659777666ff056609c310fa2
libsdl2-2.0-0 2.26.5+dfsg-1 amd64 9f97f2ccf78573d5327ba34c9553952520f9d4da5af2b390d919eabdac69c546
libselinux1 3.4-1+b6 amd64 2b07f5287b9105f40158b56e4d70cc1652dac56a408f3507b4ab3d061eed425f
libsensors-config 1:3.6.0-7.1 all 7f3c9fbd822858a9e30335e4a7f66c9468962eb26cd375b93bc8b789660bf02f
libsensors5 1:3.6.0-7.1 amd64 b7eb91dce728fbb9203aec8b22637303b29821c3384e5f78a8ff348b4e44efe3
libserd-0-0 0.30.16-1 amd64 9fcf641b2e5e2b6705638a735692ad78c2e55bf4452636da1de80df17cd52fc8
libshine3 3.1.1-2 amd64 6b09f0d577f515feffc071048218a26cdde5346d6e2661f861009897db0204d2
libslang2 2.3.3-3 amd64 5b3cecc829ef229125b340ccd2ca45ced75d24e9aa191912105016b1af94413f
libsnappy1v5 1.1.9-3 amd64 a2ec50d0f92864e7524c96352bc2c62221126ee1ef58f77af7bf369c60b6e98f
libsndfile1 1.2.0-1+deb12u1 amd64 02dc3f08fe8476e82e005f412e3b7289ff641180f33a9be8073f4bde61c85e8e
libsndio7.0 1.9.0-0.3+b2 amd64 c4cc979126cc558549db25d42e2849a9d5dcdf7928e0ece69c38c374021a078b
libsodium23 1.0.18-1+deb12u1 amd64 bceae6943d6e11fb53ec3f81d9630ec9ed03e51f89364902b05ebe402ae946ec
libsord-0-0 0.16.14+git221008-1 amd64 aa791ccd64deb45a39eba2798904b8ae93e3454d59a0fd1d1cf4da7577f0e6f7
libsoxr0 0.1.3-4 amd64 73a9f1a290da86562333430517c3f44282f17fcbeefcc2ba7f8abbc2e686f6f3
libspeex1 1.2.1-2 amd64 0b6f64c60624c87dcd12e58fae56882355908822d077a718022aad888ade0e1e
libsphinxbase3 0.8+5prealpha+1-16 amd64 53d6c1be6a6ee167741f2a31861ad0f2a41c1bc4eef9405e1773d7c22b03ad7f
libsratom-0-0 0.6.14-1 amd64 d17581d7c34d01cdf1407f2eef63994ef6fdf8522bd9a06ca286ca6090e13b28
libsrt1.5-gnutls 1.5.1-1+deb12u1 amd64 7a785222cd985b93b675252c0a3510cfcd920f0d531ab674fd4b4878d6646581
libssh-gcrypt-4 0.10.6-0+deb12u2 amd64 f2af148e039fed6620c8ba24328a434f9ecb1adb5b735c04d2d41a432ca3553d
libssl3 3.0.20-1~deb12u2 amd64 89be24b41bff568ee6e7caf5680a3d808e80315ed92e407056ce0fa7a5bda025
libstdc++6 12.2.0-14+deb12u1 amd64 5cd3171216d4ab0fc911cfe9c35509bf2dd8f47761c43b7f6a4296701551a24d
libsvtav1enc1 1.4.1+dfsg-1 amd64 e0f6e357f327e80f26438dcda9c9304c43e2f3343359c6a5075d0b10ddfdb05d
libswresample4 7:5.1.9-0+deb12u1 amd64 255406cbb7589751bc5b67efdbc21be01130b9551f5eff2dfe6db2f3e4888a6d
libswscale6 7:5.1.9-0+deb12u1 amd64 9ed5ebab74fc46bfb72f1e4d4cd7769cc98ac67a3320551958f8a507747df450
libsystemd0 252.39-1~deb12u2 amd64 013c07514a9e4933b2d5c098018695a6aa42d085dbc483ce2c094a954c8a1b0a
libtasn1-6 4.19.0-2+deb12u1 amd64 2c27c613b69be248d09432839ea3d3382f6ee27fabaa65987aa2d884cd00afda
libthai-data 0.1.29-1 all eed65a75269411e47d7b393d82bc30471da5c499e9f311abbfd8c54ca1a42d9e
libthai0 0.1.29-1 amd64 37cd66bef851ea0e4af807797ba3ad14d43226f7c4954c1d0a19478e11815bae
libtheora0 1.1.1+dfsg.1-16.1+deb12u1 amd64 72739e29f804cbe10a207f546dfec44a340d31bb03f6a503ab6df0cdaf8a148e
libtiff6 4.5.0-6+deb12u4 amd64 255cd1d9f204355c366638ee21756234a8d43c03a3de18a5af6cdd94765b5053
libtinfo6 6.4-4 amd64 072d908f38f51090ca28ca5afa3b46b2957dc61fe35094c0b851426859a49a51
libtwolame0 0.4.0-2 amd64 279802de79d682a671cdb11295abb5cd2d21da5bee6ceefa44324c70a29365b1
libudev1 252.39-1~deb12u2 amd64 6f7e08f11c4809d2e5998c775f7b423ab5ec2ce0309494b4a2615037052245e2
libudfread0 1.1.2-1 amd64 93169ca95de3825c5ebda01db79f800fa1c5c4820ac5c760e1234e590d7b4c7b
libunistring2 1.0-2 amd64 d466bbfe011d764d793c1d9d777cad9c7cf65b938e11598f27408171ad95a951
libusb-1.0-0 2:1.0.26-1 amd64 0a8a6c4a7d944538f2820cbde2a313f2fe6f94c21ffece9e6f372fc2ab8072e1
libva-drm2 2.17.0-1 amd64 dc0a0cadbdc001df3d89855d8054aacb332a731f98c7741ce580492b0e01e605
libva-x11-2 2.17.0-1 amd64 95db1ecd8c2d1c3f99a750f1b2d9ba1959b7cd9cbd7eabfc1b8a86a095b379a6
libva2 2.17.0-1 amd64 e6acf0c4071c01df7c35d18a97768047294dc43d252caae9ccddc1e507456695
libvdpau1 1.5-2 amd64 517039c1bfbfc453c4b952a068a1b02b77bf46bbf7af882ad877a581bf2c0e21
libvidstab1.1 1.1.0-2+b1 amd64 5e0750b6eb5ad8d71e8241c38b0d757e42ee6f9eb6f6dfea64005c5ad4975a39
libvorbis0a 1.3.7-1 amd64 01c14f9d1109650077a4c5c337c285476a6932d4d448f5a190c2b845724dbf21
libvorbisenc2 1.3.7-1 amd64 75dd4d6f904c7db82f5112e60d8efea9e81dfedf94e970c5da7af2b3d81643c0
libvorbisfile3 1.3.7-1 amd64 68f84034ae1c9fa0ab6a45f5b6c406a50faae4421f0d78874260aefa2df68efc
libvpx7 1.12.0-1+deb12u5 amd64 7d8fada67fc9e11a08304499fe5beb7f809194d284202b9c9f1a0b8e54b90db4
libvulkan1 1.3.239.0-1 amd64 622f28b807ba55a1f5ad1622ff83aa2c5b11fedbec074850e04c10a8f28b43d3
libwayland-client0 1.21.0-1 amd64 1f002d028b8b79eec9847c636d8886d10dfe8c884cc2bebe18086b1391c5a28d
libwayland-cursor0 1.21.0-1 amd64 0b684467ec795024fcaae99ea4384959cc4052b2da5adec38c9b76dfed9bcf41
libwayland-egl1 1.21.0-1 amd64 cb4225f0e15e00a3570d4cbc288c87ff477d73e741c3f1c5a6d47cf350d45378
libwayland-server0 1.21.0-1 amd64 df0396221d7b794496a687ec61fae82b6465648bc0ab6501ba0a5ed7f56eb8d6
libwebp7 1.2.4-0.2+deb12u1 amd64 7259b7ce46444694ce536360ad53acb68eb3b47a7ff81d7b1b8a3939b2ac9918
libwebpmux3 1.2.4-0.2+deb12u1 amd64 cc7d04d56ff8112ef5ed94050b0a440a9b4cea9d1d6f97e2a4016c8cc042c2f1
libx11-6 2:1.8.4-2+deb12u2 amd64 d88c973e79fd9b65838d77624142952757e47a6eb1a58602acf0911cf35989f4
libx11-data 2:1.8.4-2+deb12u2 all 987a848aeb1c358e4186368871b0526f10bb14c6b53214ab3bf8b69abb830191
libx11-xcb1 2:1.8.4-2+deb12u2 amd64 f5da45e1d881a793250a96613f28c471a248877f1a0f18a5c90e2a620a76c898
libx264-164 2:0.164.3095+gitbaee400-3 amd64 2b9f0d79ab1dccc10c24963c1debaf5a37d839bdba369ac358deefd1a7d56a12
libx265-199 3.5-2+b1 amd64 9cd87d1b0c56f34f51bcbe8bdb55ebb45dd08ce6c0c6ff2dc77378bac3f64cc0
libxau6 1:1.0.9-1 amd64 679db1c4579ec7c61079adeaae8528adeb2e4bf5465baa6c56233b995d714750
libxcb-dri2-0 1.15-1 amd64 ef4959aa9e09a0d38d1de432e747585129d5d2dc1d84c8b6b3d2ffc3708b5805
libxcb-dri3-0 1.15-1 amd64 02699b144b9467de8636d27a76984b8f4e7b66e2d25d96df2b9677be86ee9a29
libxcb-glx0 1.15-1 amd64 1bce55fc292d93fa5f7fa50f84cef99ec29be70d0ffe98e86b8008e59f4a34fa
libxcb-present0 1.15-1 amd64 89383e627a4d17b9390d609b2459481bfd2029566367b43068586769e418b6e5
libxcb-randr0 1.15-1 amd64 f86e3d8ff8622871008833e9d064919b7a6237399c903c59fc330ff00f199ff5
libxcb-render0 1.15-1 amd64 29c32cc76be9393f409378be79a0f534b9f07dea06ae52fa80a7f27e298de239
libxcb-shape0 1.15-1 amd64 e0d0e31db4d72e2f7246d40edc6bd75e0249ae3138839e60a268db7da40a6ae2
libxcb-shm0 1.15-1 amd64 c1afcef29dc78b95c475159b181b28b1dedaf1d5aa06efd2fa6d90c73bfbe0e5
libxcb-sync1 1.15-1 amd64 3366ce715220d38dd0148b78a8e738137bade25ef7eec0698850c6f66800844f
libxcb-xfixes0 1.15-1 amd64 d744a7ebad2cbcf301c96cd6a1ab3ee856e436fc7be5cff5b7c28ac2ac181a64
libxcb1 1.15-1 amd64 fdc61332a3892168f3cc9cfa1fe9cf11a91dc3e0acacbc47cbc50ebaa234cc71
libxcursor1 1:1.2.1-1 amd64 49e167048661be4c614fff81429e9eaef38e54ef1d2150a5d2a8c53919217529
libxdmcp6 1:1.1.2-3 amd64 ecb8536f5fb34543b55bb9dc5f5b14c9dbb4150a7bddb3f2287b7cab6e9d25ef
libxext6 2:1.3.4-1+b1 amd64 504b7be9d7df4f6f4519e8dd4d6f9d03a9fb911a78530fa23a692fba3058cba6
libxfixes3 1:6.0.0-2 amd64 1cd616396ff2ecae77e6e8b5b7695d414f0146de2d147837a2a02165f99e1a2c
libxi6 2:1.8-1+b1 amd64 6c2fb5f241b311788990122c6e693915867cd8ed9d6da2e3524aec7ed3cdb4c0
libxkbcommon0 1.5.0-1 amd64 e3fe045b9a33a101de1c5a912a4a10928db055c3f68930f47eccbb44d7c7d54e
libxml2 2.9.14+dfsg-1.3~deb12u6 amd64 4460e39dda10a815881374217cde08474747cfa018358cd8612c14b390eff53b
libxrandr2 2:1.5.2-2+b1 amd64 e2e10b672085ddf1d294cd689ed21bde5899325fd13626c2614b7d7b2d49a808
libxrender1 1:0.9.10-1.1 amd64 b2a6d160578f359220101947c8d67059b44704a251e688de1d0b744fefedfd1a
libxshmfence1 1.3-1 amd64 1a38142e40e3d32dc4f9a326bf5617363b7d9b4bb762fdcdd262f2192092024d
libxss1 1:1.2.3-1 amd64 85cce16368f08a878fa892fbc54520fc654d00769cde6d300b8b802734a993c0
libxv1 2:1.0.11-1.1 amd64 9ea0a9dc1ec12fff84e744ee4cd3e8eee7dc3d1e5141f61b09276a25cf1d6f00
libxvidcore4 2:1.3.7-1 amd64 048e4d456992c7f593564e8ad1cecfc4be0464bfb1fc7a8908a643d59d9fbe81
libxxf86vm1 1:1.1.4-1+b2 amd64 6f4ca916aaec26d7000fa7f58de3f71119309ab7590ce1f517abfe1825a676c7
libz3-4 4.8.12-3.1 amd64 6221ca25ad5abcfbe1965801029d85a88b4775320384b4b716de8fab7a4d2f7a
libzimg2 3.0.4+ds1-1 amd64 61c902185365b5d6a2615f97e7c9baecdfb8e53b6c318396da3022c5b2e8734a
libzmq5 4.3.4-6 amd64 45eaea8e29e6ff981943bc88906b1c6e29643b4a781eed9bc139f5af633c97c6
libzstd1 1.5.4+dfsg2-5 amd64 6315b5ac38b724a710fb96bf1042019398cb656718b1522279a5185ed39318fa
libzvbi-common 0.2.41-1+deb12u1 all 2115a125736144bc46bec2c185a24e4fd67b392f1b069950f4f45f11633de0e1
libzvbi0 0.2.41-1+deb12u1 amd64 b16e63009c643c71136fefa227c77e6d88609a2ac273091b43ce363d1dedf492
lsb-base 11.6 all f8bedd167280e76636df3a1bc023cd2906d458916c1af4c1d7912c5b971fc642
ocl-icd-libopencl1 2.3.1-1 amd64 ddd8509c0430545173752bed272c7f44f8b5f7d125265b20456207aaefbb52c8
shared-mime-info 2.2-1 amd64 dd026add873483566faefebbd8779a1e5e14ab2e44682ebfe238c3828a2b936b
sysvinit-utils 3.06-4 amd64 11790842108768ec52432ea22e7b4f057232813b7c27ef6dfe1aba776a5cb90e
ttf-bitstream-vera 1.10-8.2 all a37a3f8324e6ba313dd8aaf947bb534b3ff9ed53e8598baa8f519b1611cc38df
x11-common 1:7.7+23 all fc97c2f4495eb33a77501c7960928c0d2001e5c4b2aa438f1713e2082c23bacd
xfonts-encodings 1:1.0.4-2.2 all 56143f317d241b6dee0275aa1066df936a776810d3bb83fe58563965d9bbe3d3
xfonts-utils 1:7.7+6 amd64 20b290277caff5bae41298c4e171fb81c29560294f60f5eeb47ef50863efc0d7
xkb-data 2.35.1-1 all 28a79c61b785f403da93af58c39aed13c022032935e3e54362c6707169cfe982
zlib1g 1:1.2.13.dfsg-1 amd64 d7dd1d1411fedf27f5e27650a6eff20ef294077b568f4c8c5e51466dc7c08ce4
